
Microsoft Visual Studio Solution File, Format Version 12.00
# Visual Studio Version 16
VisualStudioVersion = 16.0.31624.102
MinimumVisualStudioVersion = 10.0.40219.1
Project("{FAE04EC0-301F-11D3-BF4B-00C04F79EFBC}") = "KOZUBKA.UA", "KOZUBKA.UA\KOZUBKA.UA.csproj", "{7747BCA3-BBDE-49DF-8AE6-E0BFE42BB350}"
EndProject
Global
	GlobalSection(SolutionConfigurationPlatforms) = preSolution
		Debug|Any CPU = Debug|Any CPU
		Release|Any CPU = Release|Any CPU
	EndGlobalSection
	GlobalSection(ProjectConfigurationPlatforms) = postSolution
		{7747BCA3-BBDE-49DF-8AE6-E0BFE42BB350}.Debug|Any CPU.ActiveCfg = Debug|Any CPU
		{7747BCA3-BBDE-49DF-8AE6-E0BFE42BB350}.Debug|Any CPU.Build.0 = Debug|Any CPU
		{7747BCA3-BBDE-49DF-8AE6-E0BFE42BB350}.Release|Any CPU.ActiveCfg = Release|Any CPU
		{7747BCA3-BBDE-49DF-8AE6-E0BFE42BB350}.Release|Any CPU.Build.0 = Release|Any CPU
	EndGlobalSection
	GlobalSection(SolutionProperties) = preSolution
		HideSolutionNode = FALSE
	EndGlobalSection
	GlobalSection(ExtensibilityGlobals) = postSolution
		SolutionGuid = {02052952-4714-4031-9B2A-5F350A338623}
	EndGlobalSection
EndGlobal
